
Microsoft Visual Studio Solution File, Format Version 12.00
# Visual Studio Version 16
VisualStudioVersion = 16.0.31729.503
MinimumVisualStudioVersion = 10.0.40219.1
Project("{FAE04EC0-301F-11D3-BF4B-00C04F79EFBC}") = "Practica3_Threads_9CM11", "Practica3_Threads_9CM11.csproj", "{C5D3C7EC-B584-4AE9-8C50-F39FBC413D24}"
EndProject
Global
	GlobalSection(SolutionConfigurationPlatforms) = preSolution
		Debug|Any CPU = Debug|Any CPU
		Release|Any CPU = Release|Any CPU
	EndGlobalSection
	GlobalSection(ProjectConfigurationPlatforms) = postSolution
		{C5D3C7EC-B584-4AE9-8C50-F39FBC413D24}.Debug|Any CPU.ActiveCfg = Debug|Any CPU
		{C5D3C7EC-B584-4AE9-8C50-F39FBC413D24}.Debug|Any CPU.Build.0 = Debug|Any CPU
		{C5D3C7EC-B584-4AE9-8C50-F39FBC413D24}.Release|Any CPU.ActiveCfg = Release|Any CPU
		{C5D3C7EC-B584-4AE9-8C50-F39FBC413D24}.Release|Any CPU.Build.0 = Release|Any CPU
	EndGlobalSection
	GlobalSection(SolutionProperties) = preSolution
		HideSolutionNode = FALSE
	EndGlobalSection
	GlobalSection(ExtensibilityGlobals) = postSolution
		SolutionGuid = {DFC026D3-5010-4170-91A7-041C7F186DAC}
	EndGlobalSection
EndGlobal
